
Microsoft Visual Studio Solution File, Format Version 12.00
# Visual Studio Version 16
VisualStudioVersion = 25.0.1705.4
MinimumVisualStudioVersion = 10.0.40219.1
Project("{FAE04EC0-301F-11D3-BF4B-00C04F79EFBC}") = "server-media-manager", "server-media-manager\server-media-manager.csproj", "{54B14F76-0E95-41C7-B02B-515B8803D8ED}"
EndProject
Project("{FAE04EC0-301F-11D3-BF4B-00C04F79EFBC}") = "server-media-manager.Tests", "server-media-manager.Tests\server-media-manager.Tests.csproj", "{81CC4409-19E9-4F74-96B0-9F1063C9717B}"
EndProject
Global
	GlobalSection(SolutionConfigurationPlatforms) = preSolution
		Debug|Any CPU = Debug|Any CPU
		Release|Any CPU = Release|Any CPU
	EndGlobalSection
	GlobalSection(ProjectConfigurationPlatforms) = postSolution
		{54B14F76-0E95-41C7-B02B-515B8803D8ED}.Debug|Any CPU.ActiveCfg = Debug|Any CPU
		{54B14F76-0E95-41C7-B02B-515B8803D8ED}.Debug|Any CPU.Build.0 = Debug|Any CPU
		{54B14F76-0E95-41C7-B02B-515B8803D8ED}.Release|Any CPU.ActiveCfg = Release|Any CPU
		{54B14F76-0E95-41C7-B02B-515B8803D8ED}.Release|Any CPU.Build.0 = Release|Any CPU
		{81CC4409-19E9-4F74-96B0-9F1063C9717B}.Debug|Any CPU.ActiveCfg = Debug|Any CPU
		{81CC4409-19E9-4F74-96B0-9F1063C9717B}.Debug|Any CPU.Build.0 = Debug|Any CPU
		{81CC4409-19E9-4F74-96B0-9F1063C9717B}.Release|Any CPU.ActiveCfg = Release|Any CPU
		{81CC4409-19E9-4F74-96B0-9F1063C9717B}.Release|Any CPU.Build.0 = Release|Any CPU
	EndGlobalSection
	GlobalSection(SolutionProperties) = preSolution
		HideSolutionNode = FALSE
	EndGlobalSection
	GlobalSection(ExtensibilityGlobals) = postSolution
		SolutionGuid = {4E0D76D1-279F-4038-B771-0092E55967E1}
	EndGlobalSection
EndGlobal
